<?xml version="1.0" encoding="utf-8"?>
<Project ToolsVersion="4.0" xmlns="http://schemas.microsoft.com/developer/msbuild/2003">
  <ItemGroup>
    <Filter Include="Source Files">
      <UniqueIdentifier>{4FC737F1-C7A5-4376-A066-2A32D752A2FF}</UniqueIdentifier>
      <Extensions>cpp;c;cc;cxx;c++;cppm;ixx;def;odl;idl;hpj;bat;asm;asmx</Extensions>
    </Filter>
    <Filter Include="Header Files">
      <UniqueIdentifier>{93995380-89BD-4b04-88EB-625FBE52EBFB}</UniqueIdentifier>
      <Extensions>h;hh;hpp;hxx;h++;hm;inl;inc;ipp;xsd</Extensions>
    </Filter>
    <Filter Include="Resource Files">
      <UniqueIdentifier>{67DA6AB6-F800-4c08-8B7A-83BB121AAD01}</UniqueIdentifier>
      <Extensions>rc;ico;cur;bmp;dlg;rc2;rct;bin;rgs;gif;jpg;jpeg;jpe;resx;tiff;tif;png;wav;mfcribbon-ms</Extensions>
    </Filter>
  </ItemGroup>
  <ItemGroup>
    <ClInclude Include="framework\framework.h">
      <Filter>Header Files</Filter>
    </ClInclude>
    <ClInclude Include="framework\utils\memory\memory.h">
      <Filter>Header Files</Filter>
    </ClInclude>
    <ClInclude Include="framework\utils\signatures\signatures.h">
      <Filter>Header Files</Filter>
    </ClInclude>
    <ClInclude Include="framework\sdk\game\Steam\AppsCommon.h">
      <Filter>Header Files</Filter>
    </ClInclude>
    <ClInclude Include="framework\sdk\game\Steam\AppTicketCommon.h">
      <Filter>Header Files</Filter>
    </ClInclude>
    <ClInclude Include="framework\sdk\game\Steam\BillingCommon.h">
      <Filter>Header Files</Filter>
    </ClInclude>
    <ClInclude Include="framework\sdk\game\Steam\BridgeCommon.h">
      <Filter>Header Files</Filter>
    </ClInclude>
    <ClInclude Include="framework\sdk\game\Steam\CCallback.h">
      <Filter>Header Files</Filter>
    </ClInclude>
    <ClInclude Include="framework\sdk\game\Steam\CGameID.h">
      <Filter>Header Files</Filter>
    </ClInclude>
    <ClInclude Include="framework\sdk\game\Steam\ClientCommon.h">
      <Filter>Header Files</Filter>
    </ClInclude>
    <ClInclude Include="framework\sdk\game\Steam\ContentServerCommon.h">
      <Filter>Header Files</Filter>
    </ClInclude>
    <ClInclude Include="framework\sdk\game\Steam\ControllerCommon.h">
      <Filter>Header Files</Filter>
    </ClInclude>
    <ClInclude Include="framework\sdk\game\Steam\CSteamAPIContext.h">
      <Filter>Header Files</Filter>
    </ClInclude>
    <ClInclude Include="framework\sdk\game\Steam\CSteamID.h">
      <Filter>Header Files</Filter>
    </ClInclude>
    <ClInclude Include="framework\sdk\game\Steam\ECurrencyCode.h">
      <Filter>Header Files</Filter>
    </ClInclude>
    <ClInclude Include="framework\sdk\game\Steam\EResult.h">
      <Filter>Header Files</Filter>
    </ClInclude>
    <ClInclude Include="framework\sdk\game\Steam\ESteamAppUpdateStatsQueryType.h">
      <Filter>Header Files</Filter>
    </ClInclude>
    <ClInclude Include="framework\sdk\game\Steam\ESteamBufferMethod.h">
      <Filter>Header Files</Filter>
    </ClInclude>
    <ClInclude Include="framework\sdk\game\Steam\ESteamError.h">
      <Filter>Header Files</Filter>
    </ClInclude>
    <ClInclude Include="framework\sdk\game\Steam\ESteamFindFilter.h">
      <Filter>Header Files</Filter>
    </ClInclude>
    <ClInclude Include="framework\sdk\game\Steam\ESteamNotify.h">
      <Filter>Header Files</Filter>
    </ClInclude>
    <ClInclude Include="framework\sdk\game\Steam\ESteamPaymentCardType.h">
      <Filter>Header Files</Filter>
    </ClInclude>
    <ClInclude Include="framework\sdk\game\Steam\ESteamSeekMethod.h">
      <Filter>Header Files</Filter>
    </ClInclude>
    <ClInclude Include="framework\sdk\game\Steam\ESteamServerType.h">
      <Filter>Header Files</Filter>
    </ClInclude>
    <ClInclude Include="framework\sdk\game\Steam\ESteamSubscriptionBillingInfoType.h">
      <Filter>Header Files</Filter>
    </ClInclude>
    <ClInclude Include="framework\sdk\game\Steam\ESteamSubscriptionStatus.h">
      <Filter>Header Files</Filter>
    </ClInclude>
    <ClInclude Include="framework\sdk\game\Steam\EVoiceResult.h">
      <Filter>Header Files</Filter>
    </ClInclude>
    <ClInclude Include="framework\sdk\game\Steam\FriendGameInfo.h">
      <Filter>Header Files</Filter>
    </ClInclude>
    <ClInclude Include="framework\sdk\game\Steam\FriendsCommon.h">
      <Filter>Header Files</Filter>
    </ClInclude>
    <ClInclude Include="framework\sdk\game\Steam\GameCoordinatorCommon.h">
      <Filter>Header Files</Filter>
    </ClInclude>
    <ClInclude Include="framework\sdk\game\Steam\GameServerCommon.h">
      <Filter>Header Files</Filter>
    </ClInclude>
    <ClInclude Include="framework\sdk\game\Steam\gameserveritem.h">
      <Filter>Header Files</Filter>
    </ClInclude>
    <ClInclude Include="framework\sdk\game\Steam\GameServerStatsCommon.h">
      <Filter>Header Files</Filter>
    </ClInclude>
    <ClInclude Include="framework\sdk\game\Steam\GameStatsCommon.h">
      <Filter>Header Files</Filter>
    </ClInclude>
    <ClInclude Include="framework\sdk\game\Steam\HTTPCommon.h">
      <Filter>Header Files</Filter>
    </ClInclude>
    <ClInclude Include="framework\sdk\game\Steam\IClientAppManager.h">
      <Filter>Header Files</Filter>
    </ClInclude>
    <ClInclude Include="framework\sdk\game\Steam\IClientApps.h">
      <Filter>Header Files</Filter>
    </ClInclude>
    <ClInclude Include="framework\sdk\game\Steam\IClientAudio.h">
      <Filter>Header Files</Filter>
    </ClInclude>
    <ClInclude Include="framework\sdk\game\Steam\IClientBilling.h">
      <Filter>Header Files</Filter>
    </ClInclude>
    <ClInclude Include="framework\sdk\game\Steam\IClientConfigStore.h">
      <Filter>Header Files</Filter>
    </ClInclude>
    <ClInclude Include="framework\sdk\game\Steam\IClientContentServer.h">
      <Filter>Header Files</Filter>
    </ClInclude>
    <ClInclude Include="framework\sdk\game\Steam\IClientDepotBuilder.h">
      <Filter>Header Files</Filter>
    </ClInclude>
    <ClInclude Include="framework\sdk\game\Steam\IClientDeviceAuth.h">
      <Filter>Header Files</Filter>
    </ClInclude>
    <ClInclude Include="framework\sdk\game\Steam\IClientEngine.h">
      <Filter>Header Files</Filter>
    </ClInclude>
    <ClInclude Include="framework\sdk\game\Steam\IClientFriends.h">
      <Filter>Header Files</Filter>
    </ClInclude>
    <ClInclude Include="framework\sdk\game\Steam\IClientGameCoordinator.h">
      <Filter>Header Files</Filter>
    </ClInclude>
    <ClInclude Include="framework\sdk\game\Steam\IClientGameServer.h">
      <Filter>Header Files</Filter>
    </ClInclude>
    <ClInclude Include="framework\sdk\game\Steam\IClientGameServerStats.h">
      <Filter>Header Files</Filter>
    </ClInclude>
    <ClInclude Include="framework\sdk\game\Steam\IClientGameStats.h">
      <Filter>Header Files</Filter>
    </ClInclude>
    <ClInclude Include="framework\sdk\game\Steam\IClientHTTP.h">
      <Filter>Header Files</Filter>
    </ClInclude>
    <ClInclude Include="framework\sdk\game\Steam\IClientInventory.h">
      <Filter>Header Files</Filter>
    </ClInclude>
    <ClInclude Include="framework\sdk\game\Steam\IClientMasterServerUpdater.h">
      <Filter>Header Files</Filter>
    </ClInclude>
    <ClInclude Include="framework\sdk\game\Steam\IClientMatchmaking.h">
      <Filter>Header Files</Filter>
    </ClInclude>
    <ClInclude Include="framework\sdk\game\Steam\IClientMatchmakingServers.h">
      <Filter>Header Files</Filter>
    </ClInclude>
    <ClInclude Include="framework\sdk\game\Steam\IClientMusic.h">
      <Filter>Header Files</Filter>
    </ClInclude>
    <ClInclude Include="framework\sdk\game\Steam\IClientNetworkDeviceManager.h">
      <Filter>Header Files</Filter>
    </ClInclude>
    <ClInclude Include="framework\sdk\game\Steam\IClientNetworking.h">
      <Filter>Header Files</Filter>
    </ClInclude>
    <ClInclude Include="framework\sdk\game\Steam\IClientProductBuilder.h">
      <Filter>Header Files</Filter>
    </ClInclude>
    <ClInclude Include="framework\sdk\game\Steam\IClientRemoteStorage.h">
      <Filter>Header Files</Filter>
    </ClInclude>
    <ClInclude Include="framework\sdk\game\Steam\IClientScreenshots.h">
      <Filter>Header Files</Filter>
    </ClInclude>
    <ClInclude Include="framework\sdk\game\Steam\IClientShortcuts.h">
      <Filter>Header Files</Filter>
    </ClInclude>
    <ClInclude Include="framework\sdk\game\Steam\IClientStreamClient.h">
      <Filter>Header Files</Filter>
    </ClInclude>
    <ClInclude Include="framework\sdk\game\Steam\IClientStreamLauncher.h">
      <Filter>Header Files</Filter>
    </ClInclude>
    <ClInclude Include="framework\sdk\game\Steam\IClientUGC.h">
      <Filter>Header Files</Filter>
    </ClInclude>
    <ClInclude Include="framework\sdk\game\Steam\IClientUnifiedMessages.h">
      <Filter>Header Files</Filter>
    </ClInclude>
    <ClInclude Include="framework\sdk\game\Steam\IClientUser.h">
      <Filter>Header Files</Filter>
    </ClInclude>
    <ClInclude Include="framework\sdk\game\Steam\IClientUserStats.h">
      <Filter>Header Files</Filter>
    </ClInclude>
    <ClInclude Include="framework\sdk\game\Steam\IClientUtils.h">
      <Filter>Header Files</Filter>
    </ClInclude>
    <ClInclude Include="framework\sdk\game\Steam\Interface_OSW.h">
      <Filter>Header Files</Filter>
    </ClInclude>
    <ClInclude Include="framework\sdk\game\Steam\InventoryCommon.h">
      <Filter>Header Files</Filter>
    </ClInclude>
    <ClInclude Include="framework\sdk\game\Steam\ISteam2Bridge001.h">
      <Filter>Header Files</Filter>
    </ClInclude>
    <ClInclude Include="framework\sdk\game\Steam\ISteam2Bridge002.h">
      <Filter>Header Files</Filter>
    </ClInclude>
    <ClInclude Include="framework\sdk\game\Steam\ISteam003.h">
      <Filter>Header Files</Filter>
    </ClInclude>
    <ClInclude Include="framework\sdk\game\Steam\ISteam004.h">
      <Filter>Header Files</Filter>
    </ClInclude>
    <ClInclude Include="framework\sdk\game\Steam\ISteam005.h">
      <Filter>Header Files</Filter>
    </ClInclude>
    <ClInclude Include="framework\sdk\game\Steam\ISteam006.h">
      <Filter>Header Files</Filter>
    </ClInclude>
    <ClInclude Include="framework\sdk\game\Steam\ISteamAppList001.h">
      <Filter>Header Files</Filter>
    </ClInclude>
    <ClInclude Include="framework\sdk\game\Steam\ISteamApps001.h">
      <Filter>Header Files</Filter>
    </ClInclude>
    <ClInclude Include="framework\sdk\game\Steam\ISteamApps002.h">
      <Filter>Header Files</Filter>
    </ClInclude>
    <ClInclude Include="framework\sdk\game\Steam\ISteamApps003.h">
      <Filter>Header Files</Filter>
    </ClInclude>
    <ClInclude Include="framework\sdk\game\Steam\ISteamApps004.h">
      <Filter>Header Files</Filter>
    </ClInclude>
    <ClInclude Include="framework\sdk\game\Steam\ISteamApps005.h">
      <Filter>Header Files</Filter>
    </ClInclude>
    <ClInclude Include="framework\sdk\game\Steam\ISteamApps006.h">
      <Filter>Header Files</Filter>
    </ClInclude>
    <ClInclude Include="framework\sdk\game\Steam\ISteamApps007.h">
      <Filter>Header Files</Filter>
    </ClInclude>
    <ClInclude Include="framework\sdk\game\Steam\ISteamAppTicket001.h">
      <Filter>Header Files</Filter>
    </ClInclude>
    <ClInclude Include="framework\sdk\game\Steam\ISteamBilling001.h">
      <Filter>Header Files</Filter>
    </ClInclude>
    <ClInclude Include="framework\sdk\game\Steam\ISteamBilling002.h">
      <Filter>Header Files</Filter>
    </ClInclude>
    <ClInclude Include="framework\sdk\game\Steam\ISteamClient006.h">
      <Filter>Header Files</Filter>
    </ClInclude>
    <ClInclude Include="framework\sdk\game\Steam\ISteamClient007.h">
      <Filter>Header Files</Filter>
    </ClInclude>
    <ClInclude Include="framework\sdk\game\Steam\ISteamClient008.h">
      <Filter>Header Files</Filter>
    </ClInclude>
    <ClInclude Include="framework\sdk\game\Steam\ISteamClient009.h">
      <Filter>Header Files</Filter>
    </ClInclude>
    <ClInclude Include="framework\sdk\game\Steam\ISteamClient010.h">
      <Filter>Header Files</Filter>
    </ClInclude>
    <ClInclude Include="framework\sdk\game\Steam\ISteamClient011.h">
      <Filter>Header Files</Filter>
    </ClInclude>
    <ClInclude Include="framework\sdk\game\Steam\ISteamClient012.h">
      <Filter>Header Files</Filter>
    </ClInclude>
    <ClInclude Include="framework\sdk\game\Steam\ISteamClient013.h">
      <Filter>Header Files</Filter>
    </ClInclude>
    <ClInclude Include="framework\sdk\game\Steam\ISteamClient014.h">
      <Filter>Header Files</Filter>
    </ClInclude>
    <ClInclude Include="framework\sdk\game\Steam\ISteamClient015.h">
      <Filter>Header Files</Filter>
    </ClInclude>
    <ClInclude Include="framework\sdk\game\Steam\ISteamClient016.h">
      <Filter>Header Files</Filter>
    </ClInclude>
    <ClInclude Include="framework\sdk\game\Steam\ISteamClient017.h">
      <Filter>Header Files</Filter>
    </ClInclude>
    <ClInclude Include="framework\sdk\game\Steam\ISteamContentServer001.h">
      <Filter>Header Files</Filter>
    </ClInclude>
    <ClInclude Include="framework\sdk\game\Steam\ISteamContentServer002.h">
      <Filter>Header Files</Filter>
    </ClInclude>
    <ClInclude Include="framework\sdk\game\Steam\ISteamController001.h">
      <Filter>Header Files</Filter>
    </ClInclude>
    <ClInclude Include="framework\sdk\game\Steam\ISteamFriends001.h">
      <Filter>Header Files</Filter>
    </ClInclude>
    <ClInclude Include="framework\sdk\game\Steam\ISteamFriends002.h">
      <Filter>Header Files</Filter>
    </ClInclude>
    <ClInclude Include="framework\sdk\game\Steam\ISteamFriends003.h">
      <Filter>Header Files</Filter>
    </ClInclude>
    <ClInclude Include="framework\sdk\game\Steam\ISteamFriends004.h">
      <Filter>Header Files</Filter>
    </ClInclude>
    <ClInclude Include="framework\sdk\game\Steam\ISteamFriends005.h">
      <Filter>Header Files</Filter>
    </ClInclude>
    <ClInclude Include="framework\sdk\game\Steam\ISteamFriends006.h">
      <Filter>Header Files</Filter>
    </ClInclude>
    <ClInclude Include="framework\sdk\game\Steam\ISteamFriends007.h">
      <Filter>Header Files</Filter>
    </ClInclude>
    <ClInclude Include="framework\sdk\game\Steam\ISteamFriends008.h">
      <Filter>Header Files</Filter>
    </ClInclude>
    <ClInclude Include="framework\sdk\game\Steam\ISteamFriends009.h">
      <Filter>Header Files</Filter>
    </ClInclude>
    <ClInclude Include="framework\sdk\game\Steam\ISteamFriends010.h">
      <Filter>Header Files</Filter>
    </ClInclude>
    <ClInclude Include="framework\sdk\game\Steam\ISteamFriends011.h">
      <Filter>Header Files</Filter>
    </ClInclude>
    <ClInclude Include="framework\sdk\game\Steam\ISteamFriends012.h">
      <Filter>Header Files</Filter>
    </ClInclude>
    <ClInclude Include="framework\sdk\game\Steam\ISteamFriends013.h">
      <Filter>Header Files</Filter>
    </ClInclude>
    <ClInclude Include="framework\sdk\game\Steam\ISteamFriends014.h">
      <Filter>Header Files</Filter>
    </ClInclude>
    <ClInclude Include="framework\sdk\game\Steam\ISteamFriends015.h">
      <Filter>Header Files</Filter>
    </ClInclude>
    <ClInclude Include="framework\sdk\game\Steam\ISteamGameCoordinator001.h">
      <Filter>Header Files</Filter>
    </ClInclude>
    <ClInclude Include="framework\sdk\game\Steam\ISteamGameServer002.h">
      <Filter>Header Files</Filter>
    </ClInclude>
    <ClInclude Include="framework\sdk\game\Steam\ISteamGameServer003.h">
      <Filter>Header Files</Filter>
    </ClInclude>
    <ClInclude Include="framework\sdk\game\Steam\ISteamGameServer004.h">
      <Filter>Header Files</Filter>
    </ClInclude>
    <ClInclude Include="framework\sdk\game\Steam\ISteamGameServer005.h">
      <Filter>Header Files</Filter>
    </ClInclude>
    <ClInclude Include="framework\sdk\game\Steam\ISteamGameServer006.h">
      <Filter>Header Files</Filter>
    </ClInclude>
    <ClInclude Include="framework\sdk\game\Steam\ISteamGameServer007.h">
      <Filter>Header Files</Filter>
    </ClInclude>
    <ClInclude Include="framework\sdk\game\Steam\ISteamGameServer008.h">
      <Filter>Header Files</Filter>
    </ClInclude>
    <ClInclude Include="framework\sdk\game\Steam\ISteamGameServer009.h">
      <Filter>Header Files</Filter>
    </ClInclude>
    <ClInclude Include="framework\sdk\game\Steam\ISteamGameServer010.h">
      <Filter>Header Files</Filter>
    </ClInclude>
    <ClInclude Include="framework\sdk\game\Steam\ISteamGameServer011.h">
      <Filter>Header Files</Filter>
    </ClInclude>
    <ClInclude Include="framework\sdk\game\Steam\ISteamGameServer012.h">
      <Filter>Header Files</Filter>
    </ClInclude>
    <ClInclude Include="framework\sdk\game\Steam\ISteamGameServerStats001.h">
      <Filter>Header Files</Filter>
    </ClInclude>
    <ClInclude Include="framework\sdk\game\Steam\ISteamGameStats001.h">
      <Filter>Header Files</Filter>
    </ClInclude>
    <ClInclude Include="framework\sdk\game\Steam\ISteamHTTP001.h">
      <Filter>Header Files</Filter>
    </ClInclude>
    <ClInclude Include="framework\sdk\game\Steam\ISteamHTTP002.h">
      <Filter>Header Files</Filter>
    </ClInclude>
    <ClInclude Include="framework\sdk\game\Steam\ISteamInventory001.h">
      <Filter>Header Files</Filter>
    </ClInclude>
    <ClInclude Include="framework\sdk\game\Steam\ISteamMasterServerUpdater001.h">
      <Filter>Header Files</Filter>
    </ClInclude>
    <ClInclude Include="framework\sdk\game\Steam\ISteamMatchmaking001.h">
      <Filter>Header Files</Filter>
    </ClInclude>
    <ClInclude Include="framework\sdk\game\Steam\ISteamMatchmaking002.h">
      <Filter>Header Files</Filter>
    </ClInclude>
    <ClInclude Include="framework\sdk\game\Steam\ISteamMatchmaking003.h">
      <Filter>Header Files</Filter>
    </ClInclude>
    <ClInclude Include="framework\sdk\game\Steam\ISteamMatchmaking004.h">
      <Filter>Header Files</Filter>
    </ClInclude>
    <ClInclude Include="framework\sdk\game\Steam\ISteamMatchmaking005.h">
      <Filter>Header Files</Filter>
    </ClInclude>
    <ClInclude Include="framework\sdk\game\Steam\ISteamMatchmaking006.h">
      <Filter>Header Files</Filter>
    </ClInclude>
    <ClInclude Include="framework\sdk\game\Steam\ISteamMatchmaking007.h">
      <Filter>Header Files</Filter>
    </ClInclude>
    <ClInclude Include="framework\sdk\game\Steam\ISteamMatchmaking008.h">
      <Filter>Header Files</Filter>
    </ClInclude>
    <ClInclude Include="framework\sdk\game\Steam\ISteamMatchmaking009.h">
      <Filter>Header Files</Filter>
    </ClInclude>
    <ClInclude Include="framework\sdk\game\Steam\ISteamMatchmakingServers001.h">
      <Filter>Header Files</Filter>
    </ClInclude>
    <ClInclude Include="framework\sdk\game\Steam\ISteamMatchmakingServers002.h">
      <Filter>Header Files</Filter>
    </ClInclude>
    <ClInclude Include="framework\sdk\game\Steam\ISteamMusic001.h">
      <Filter>Header Files</Filter>
    </ClInclude>
    <ClInclude Include="framework\sdk\game\Steam\ISteamNetworking001.h">
      <Filter>Header Files</Filter>
    </ClInclude>
    <ClInclude Include="framework\sdk\game\Steam\ISteamNetworking002.h">
      <Filter>Header Files</Filter>
    </ClInclude>
    <ClInclude Include="framework\sdk\game\Steam\ISteamNetworking003.h">
      <Filter>Header Files</Filter>
    </ClInclude>
    <ClInclude Include="framework\sdk\game\Steam\ISteamNetworking004.h">
      <Filter>Header Files</Filter>
    </ClInclude>
    <ClInclude Include="framework\sdk\game\Steam\ISteamNetworking005.h">
      <Filter>Header Files</Filter>
    </ClInclude>
    <ClInclude Include="framework\sdk\game\Steam\ISteamNetworkingUtils.h">
      <Filter>Header Files</Filter>
    </ClInclude>
    <ClInclude Include="framework\sdk\game\Steam\ISteamOAuth001.h">
      <Filter>Header Files</Filter>
    </ClInclude>
    <ClInclude Include="framework\sdk\game\Steam\ISteamRemoteStorage001.h">
      <Filter>Header Files</Filter>
    </ClInclude>
    <ClInclude Include="framework\sdk\game\Steam\ISteamRemoteStorage002.h">
      <Filter>Header Files</Filter>
    </ClInclude>
    <ClInclude Include="framework\sdk\game\Steam\ISteamRemoteStorage003.h">
      <Filter>Header Files</Filter>
    </ClInclude>
    <ClInclude Include="framework\sdk\game\Steam\ISteamRemoteStorage004.h">
      <Filter>Header Files</Filter>
    </ClInclude>
    <ClInclude Include="framework\sdk\game\Steam\ISteamRemoteStorage005.h">
      <Filter>Header Files</Filter>
    </ClInclude>
    <ClInclude Include="framework\sdk\game\Steam\ISteamRemoteStorage006.h">
      <Filter>Header Files</Filter>
    </ClInclude>
    <ClInclude Include="framework\sdk\game\Steam\ISteamRemoteStorage007.h">
      <Filter>Header Files</Filter>
    </ClInclude>
    <ClInclude Include="framework\sdk\game\Steam\ISteamRemoteStorage008.h">
      <Filter>Header Files</Filter>
    </ClInclude>
    <ClInclude Include="framework\sdk\game\Steam\ISteamRemoteStorage009.h">
      <Filter>Header Files</Filter>
    </ClInclude>
    <ClInclude Include="framework\sdk\game\Steam\ISteamRemoteStorage010.h">
      <Filter>Header Files</Filter>
    </ClInclude>
    <ClInclude Include="framework\sdk\game\Steam\ISteamRemoteStorage011.h">
      <Filter>Header Files</Filter>
    </ClInclude>
    <ClInclude Include="framework\sdk\game\Steam\ISteamRemoteStorage012.h">
      <Filter>Header Files</Filter>
    </ClInclude>
    <ClInclude Include="framework\sdk\game\Steam\ISteamScreenshots001.h">
      <Filter>Header Files</Filter>
    </ClInclude>
    <ClInclude Include="framework\sdk\game\Steam\ISteamScreenshots002.h">
      <Filter>Header Files</Filter>
    </ClInclude>
    <ClInclude Include="framework\sdk\game\Steam\ISteamStreamLauncher001.h">
      <Filter>Header Files</Filter>
    </ClInclude>
    <ClInclude Include="framework\sdk\game\Steam\ISteamUGC001.h">
      <Filter>Header Files</Filter>
    </ClInclude>
    <ClInclude Include="framework\sdk\game\Steam\ISteamUGC002.h">
      <Filter>Header Files</Filter>
    </ClInclude>
    <ClInclude Include="framework\sdk\game\Steam\ISteamUGC003.h">
      <Filter>Header Files</Filter>
    </ClInclude>
    <ClInclude Include="framework\sdk\game\Steam\ISteamUnifiedMessages001.h">
      <Filter>Header Files</Filter>
    </ClInclude>
    <ClInclude Include="framework\sdk\game\Steam\ISteamUser004.h">
      <Filter>Header Files</Filter>
    </ClInclude>
    <ClInclude Include="framework\sdk\game\Steam\ISteamUser005.h">
      <Filter>Header Files</Filter>
    </ClInclude>
    <ClInclude Include="framework\sdk\game\Steam\ISteamUser006.h">
      <Filter>Header Files</Filter>
    </ClInclude>
    <ClInclude Include="framework\sdk\game\Steam\ISteamUser007.h">
      <Filter>Header Files</Filter>
    </ClInclude>
    <ClInclude Include="framework\sdk\game\Steam\ISteamUser008.h">
      <Filter>Header Files</Filter>
    </ClInclude>
    <ClInclude Include="framework\sdk\game\Steam\ISteamUser009.h">
      <Filter>Header Files</Filter>
    </ClInclude>
    <ClInclude Include="framework\sdk\game\Steam\ISteamUser010.h">
      <Filter>Header Files</Filter>
    </ClInclude>
    <ClInclude Include="framework\sdk\game\Steam\ISteamUser011.h">
      <Filter>Header Files</Filter>
    </ClInclude>
    <ClInclude Include="framework\sdk\game\Steam\ISteamUser012.h">
      <Filter>Header Files</Filter>
    </ClInclude>
    <ClInclude Include="framework\sdk\game\Steam\ISteamUser013.h">
      <Filter>Header Files</Filter>
    </ClInclude>
    <ClInclude Include="framework\sdk\game\Steam\ISteamUser014.h">
      <Filter>Header Files</Filter>
    </ClInclude>
    <ClInclude Include="framework\sdk\game\Steam\ISteamUser015.h">
      <Filter>Header Files</Filter>
    </ClInclude>
    <ClInclude Include="framework\sdk\game\Steam\ISteamUser016.h">
      <Filter>Header Files</Filter>
    </ClInclude>
    <ClInclude Include="framework\sdk\game\Steam\ISteamUser017.h">
      <Filter>Header Files</Filter>
    </ClInclude>
    <ClInclude Include="framework\sdk\game\Steam\ISteamUserStats001.h">
      <Filter>Header Files</Filter>
    </ClInclude>
    <ClInclude Include="framework\sdk\game\Steam\ISteamUserStats002.h">
      <Filter>Header Files</Filter>
    </ClInclude>
    <ClInclude Include="framework\sdk\game\Steam\ISteamUserStats003.h">
      <Filter>Header Files</Filter>
    </ClInclude>
    <ClInclude Include="framework\sdk\game\Steam\ISteamUserStats004.h">
      <Filter>Header Files</Filter>
    </ClInclude>
    <ClInclude Include="framework\sdk\game\Steam\ISteamUserStats005.h">
      <Filter>Header Files</Filter>
    </ClInclude>
    <ClInclude Include="framework\sdk\game\Steam\ISteamUserStats006.h">
      <Filter>Header Files</Filter>
    </ClInclude>
    <ClInclude Include="framework\sdk\game\Steam\ISteamUserStats007.h">
      <Filter>Header Files</Filter>
    </ClInclude>
    <ClInclude Include="framework\sdk\game\Steam\ISteamUserStats008.h">
      <Filter>Header Files</Filter>
    </ClInclude>
    <ClInclude Include="framework\sdk\game\Steam\ISteamUserStats009.h">
      <Filter>Header Files</Filter>
    </ClInclude>
    <ClInclude Include="framework\sdk\game\Steam\ISteamUserStats010.h">
      <Filter>Header Files</Filter>
    </ClInclude>
    <ClInclude Include="framework\sdk\game\Steam\ISteamUserStats011.h">
      <Filter>Header Files</Filter>
    </ClInclude>
    <ClInclude Include="framework\sdk\game\Steam\ISteamUtils001.h">
      <Filter>Header Files</Filter>
    </ClInclude>
    <ClInclude Include="framework\sdk\game\Steam\ISteamUtils002.h">
      <Filter>Header Files</Filter>
    </ClInclude>
    <ClInclude Include="framework\sdk\game\Steam\ISteamUtils003.h">
      <Filter>Header Files</Filter>
    </ClInclude>
    <ClInclude Include="framework\sdk\game\Steam\ISteamUtils004.h">
      <Filter>Header Files</Filter>
    </ClInclude>
    <ClInclude Include="framework\sdk\game\Steam\ISteamUtils005.h">
      <Filter>Header Files</Filter>
    </ClInclude>
    <ClInclude Include="framework\sdk\game\Steam\ISteamUtils006.h">
      <Filter>Header Files</Filter>
    </ClInclude>
    <ClInclude Include="framework\sdk\game\Steam\ISteamUtils007.h">
      <Filter>Header Files</Filter>
    </ClInclude>
    <ClInclude Include="framework\sdk\game\Steam\MasterServerUpdaterCommon.h">
      <Filter>Header Files</Filter>
    </ClInclude>
    <ClInclude Include="framework\sdk\game\Steam\MatchmakingCommon.h">
      <Filter>Header Files</Filter>
    </ClInclude>
    <ClInclude Include="framework\sdk\game\Steam\MatchMakingKeyValuePair.h">
      <Filter>Header Files</Filter>
    </ClInclude>
    <ClInclude Include="framework\sdk\game\Steam\MatchmakingServersCommon.h">
      <Filter>Header Files</Filter>
    </ClInclude>
    <ClInclude Include="framework\sdk\game\Steam\MusicCommon.h">
      <Filter>Header Files</Filter>
    </ClInclude>
    <ClInclude Include="framework\sdk\game\Steam\NetworkingCommon.h">
      <Filter>Header Files</Filter>
    </ClInclude>
    <ClInclude Include="framework\sdk\game\Steam\OAuthCommon.h">
      <Filter>Header Files</Filter>
    </ClInclude>
    <ClInclude Include="framework\sdk\game\Steam\POSIXLibrary.h">
      <Filter>Header Files</Filter>
    </ClInclude>
    <ClInclude Include="framework\sdk\game\Steam\RemoteStorageCommon.h">
      <Filter>Header Files</Filter>
    </ClInclude>
    <ClInclude Include="framework\sdk\game\Steam\ScreenshotsCommon.h">
      <Filter>Header Files</Filter>
    </ClInclude>
    <ClInclude Include="framework\sdk\game\Steam\servernetadr.h">
      <Filter>Header Files</Filter>
    </ClInclude>
    <ClInclude Include="framework\sdk\game\Steam\Steam.h">
      <Filter>Header Files</Filter>
    </ClInclude>
    <ClInclude Include="framework\sdk\game\Steam\SteamAPI.h">
      <Filter>Header Files</Filter>
    </ClInclude>
    <ClInclude Include="framework\sdk\game\Steam\Steamclient.h">
      <Filter>Header Files</Filter>
    </ClInclude>
    <ClInclude Include="framework\sdk\game\Steam\SteamclientAPI.h">
      <Filter>Header Files</Filter>
    </ClInclude>
    <ClInclude Include="framework\sdk\game\Steam\SteamSalt.h">
      <Filter>Header Files</Filter>
    </ClInclude>
    <ClInclude Include="framework\sdk\game\Steam\SteamTypes.h">
      <Filter>Header Files</Filter>
    </ClInclude>
    <ClInclude Include="framework\sdk\game\Steam\Steamworks.h">
      <Filter>Header Files</Filter>
    </ClInclude>
    <ClInclude Include="framework\sdk\game\Steam\StreamLauncherCommon.h">
      <Filter>Header Files</Filter>
    </ClInclude>
    <ClInclude Include="framework\sdk\game\Steam\TSteamApp.h">
      <Filter>Header Files</Filter>
    </ClInclude>
    <ClInclude Include="framework\sdk\game\Steam\TSteamAppDependencyInfo.h">
      <Filter>Header Files</Filter>
    </ClInclude>
    <ClInclude Include="framework\sdk\game\Steam\TSteamAppLaunchOption.h">
      <Filter>Header Files</Filter>
    </ClInclude>
    <ClInclude Include="framework\sdk\game\Steam\TSteamAppStats.h">
      <Filter>Header Files</Filter>
    </ClInclude>
    <ClInclude Include="framework\sdk\game\Steam\TSteamAppVersion.h">
      <Filter>Header Files</Filter>
    </ClInclude>
    <ClInclude Include="framework\sdk\game\Steam\TSteamDiscountQualifier.h">
      <Filter>Header Files</Filter>
    </ClInclude>
    <ClInclude Include="framework\sdk\game\Steam\TSteamElemInfo.h">
      <Filter>Header Files</Filter>
    </ClInclude>
    <ClInclude Include="framework\sdk\game\Steam\TSteamError.h">
      <Filter>Header Files</Filter>
    </ClInclude>
    <ClInclude Include="framework\sdk\game\Steam\TSteamExternalBillingInfo.h">
      <Filter>Header Files</Filter>
    </ClInclude>
    <ClInclude Include="framework\sdk\game\Steam\TSteamGlobalUserID.h">
      <Filter>Header Files</Filter>
    </ClInclude>
    <ClInclude Include="framework\sdk\game\Steam\TSteamOfflineStatus.h">
      <Filter>Header Files</Filter>
    </ClInclude>
    <ClInclude Include="framework\sdk\game\Steam\TSteamPaymentCardInfo.h">
      <Filter>Header Files</Filter>
    </ClInclude>
    <ClInclude Include="framework\sdk\game\Steam\TSteamPaymentCardReceiptInfo.h">
      <Filter>Header Files</Filter>
    </ClInclude>
    <ClInclude Include="framework\sdk\game\Steam\TSteamPrepurchaseInfo.h">
      <Filter>Header Files</Filter>
    </ClInclude>
    <ClInclude Include="framework\sdk\game\Steam\TSteamPrepurchaseReceiptInfo.h">
      <Filter>Header Files</Filter>
    </ClInclude>
    <ClInclude Include="framework\sdk\game\Steam\TSteamProgress.h">
      <Filter>Header Files</Filter>
    </ClInclude>
    <ClInclude Include="framework\sdk\game\Steam\TSteamSplitLocalUserID.h">
      <Filter>Header Files</Filter>
    </ClInclude>
    <ClInclude Include="framework\sdk\game\Steam\TSteamSubscription.h">
      <Filter>Header Files</Filter>
    </ClInclude>
    <ClInclude Include="framework\sdk\game\Steam\TSteamSubscriptionBillingInfo.h">
      <Filter>Header Files</Filter>
    </ClInclude>
    <ClInclude Include="framework\sdk\game\Steam\TSteamSubscriptionDiscount.h">
      <Filter>Header Files</Filter>
    </ClInclude>
    <ClInclude Include="framework\sdk\game\Steam\TSteamSubscriptionReceipt.h">
      <Filter>Header Files</Filter>
    </ClInclude>
    <ClInclude Include="framework\sdk\game\Steam\TSteamSubscriptionStats.h">
      <Filter>Header Files</Filter>
    </ClInclude>
    <ClInclude Include="framework\sdk\game\Steam\TSteamUpdateStats.h">
      <Filter>Header Files</Filter>
    </ClInclude>
    <ClInclude Include="framework\sdk\game\Steam\UGCCommon.h">
      <Filter>Header Files</Filter>
    </ClInclude>
    <ClInclude Include="framework\sdk\game\Steam\UnifiedMessagesCommon.h">
      <Filter>Header Files</Filter>
    </ClInclude>
    <ClInclude Include="framework\sdk\game\Steam\UserCommon.h">
      <Filter>Header Files</Filter>
    </ClInclude>
    <ClInclude Include="framework\sdk\game\Steam\UserStatsCommon.h">
      <Filter>Header Files</Filter>
    </ClInclude>
    <ClInclude Include="framework\sdk\game\Steam\UtilsCommon.h">
      <Filter>Header Files</Filter>
    </ClInclude>
    <ClInclude Include="framework\sdk\game\Steam\Win32Library.h">
      <Filter>Header Files</Filter>
    </ClInclude>
    <ClInclude Include="framework\sdk\game\bitbuf.h">
      <Filter>Header Files</Filter>
    </ClInclude>
    <ClInclude Include="framework\sdk\game\c_baseanimating.h">
      <Filter>Header Files</Filter>
    </ClInclude>
    <ClInclude Include="framework\sdk\game\c_baseanimatingoverlay.h">
      <Filter>Header Files</Filter>
    </ClInclude>
    <ClInclude Include="framework\sdk\game\c_basecombatcharacter.h">
      <Filter>Header Files</Filter>
    </ClInclude>
    <ClInclude Include="framework\sdk\game\c_basecombatweapon.h">
      <Filter>Header Files</Filter>
    </ClInclude>
    <ClInclude Include="framework\sdk\game\c_baseentity.h">
      <Filter>Header Files</Filter>
    </ClInclude>
    <ClInclude Include="framework\sdk\game\c_baseflex.h">
      <Filter>Header Files</Filter>
    </ClInclude>
    <ClInclude Include="framework\sdk\game\c_baseplayer.h">
      <Filter>Header Files</Filter>
    </ClInclude>
    <ClInclude Include="framework\sdk\game\c_tfplayer.h">
      <Filter>Header Files</Filter>
    </ClInclude>
    <ClInclude Include="framework\sdk\game\c_tfweaponbase.h">
      <Filter>Header Files</Filter>
    </ClInclude>
    <ClInclude Include="framework\sdk\game\c_usercmd.h">
      <Filter>Header Files</Filter>
    </ClInclude>
    <ClInclude Include="framework\sdk\game\cbasehandle.h">
      <Filter>Header Files</Filter>
    </ClInclude>
    <ClInclude Include="framework\sdk\game\checksum_crc.h">
      <Filter>Header Files</Filter>
    </ClInclude>
    <ClInclude Include="framework\sdk\game\color.h">
      <Filter>Header Files</Filter>
    </ClInclude>
    <ClInclude Include="framework\sdk\game\const.h">
      <Filter>Header Files</Filter>
    </ClInclude>
    <ClInclude Include="framework\sdk\game\convar.h">
      <Filter>Header Files</Filter>
    </ClInclude>
    <ClInclude Include="framework\sdk\game\dt_common.h">
      <Filter>Header Files</Filter>
    </ClInclude>
    <ClInclude Include="framework\sdk\game\dt_recv.h">
      <Filter>Header Files</Filter>
    </ClInclude>
    <ClInclude Include="framework\sdk\game\econ_item_constants.h">
      <Filter>Header Files</Filter>
    </ClInclude>
    <ClInclude Include="framework\sdk\game\econ_item_schema.h">
      <Filter>Header Files</Filter>
    </ClInclude>
    <ClInclude Include="framework\sdk\game\EHandle.h">
      <Filter>Header Files</Filter>
    </ClInclude>
    <ClInclude Include="framework\sdk\game\game_coordinator_stuff.h">
      <Filter>Header Files</Filter>
    </ClInclude>
    <ClInclude Include="framework\sdk\game\GameEventListener.h">
      <Filter>Header Files</Filter>
    </ClInclude>
    <ClInclude Include="framework\sdk\game\gameeventmanager.h">
      <Filter>Header Files</Filter>
    </ClInclude>
    <ClInclude Include="framework\sdk\game\globalvars_base.h">
      <Filter>Header Files</Filter>
    </ClInclude>
    <ClInclude Include="framework\sdk\game\iappsystem.h">
      <Filter>Header Files</Filter>
    </ClInclude>
    <ClInclude Include="framework\sdk\game\ibaseclientdll.h">
      <Filter>Header Files</Filter>
    </ClInclude>
    <ClInclude Include="framework\sdk\game\icliententity.h">
      <Filter>Header Files</Filter>
    </ClInclude>
    <ClInclude Include="framework\sdk\game\icliententitylist.h">
      <Filter>Header Files</Filter>
    </ClInclude>
    <ClInclude Include="framework\sdk\game\iclientmodeshared.h">
      <Filter>Header Files</Filter>
    </ClInclude>
    <ClInclude Include="framework\sdk\game\icollideable.h">
      <Filter>Header Files</Filter>
    </ClInclude>
    <ClInclude Include="framework\sdk\game\iconvar.h">
      <Filter>Header Files</Filter>
    </ClInclude>
    <ClInclude Include="framework\sdk\game\icvar.h">
      <Filter>Header Files</Filter>
    </ClInclude>
    <ClInclude Include="framework\sdk\game\iengineclient.h">
      <Filter>Header Files</Filter>
    </ClInclude>
    <ClInclude Include="framework\sdk\game\ienginetrace.h">
      <Filter>Header Files</Filter>
    </ClInclude>
    <ClInclude Include="framework\sdk\game\ienginevgui.h">
      <Filter>Header Files</Filter>
    </ClInclude>
    <ClInclude Include="framework\sdk\game\igameevents.h">
      <Filter>Header Files</Filter>
    </ClInclude>
    <ClInclude Include="framework\sdk\game\igamemovement.h">
      <Filter>Header Files</Filter>
    </ClInclude>
    <ClInclude Include="framework\sdk\game\iinput.h">
      <Filter>Header Files</Filter>
    </ClInclude>
    <ClInclude Include="framework\sdk\game\iinputsystem.h">
      <Filter>Header Files</Filter>
    </ClInclude>
    <ClInclude Include="framework\sdk\game\imaterial.h">
      <Filter>Header Files</Filter>
    </ClInclude>
    <ClInclude Include="framework\sdk\game\imaterialsystem.h">
      <Filter>Header Files</Filter>
    </ClInclude>
    <ClInclude Include="framework\sdk\game\imatrendercontext.h">
      <Filter>Header Files</Filter>
    </ClInclude>
    <ClInclude Include="framework\sdk\game\imovehelper.h">
      <Filter>Header Files</Filter>
    </ClInclude>
    <ClInclude Include="framework\sdk\game\Interfaces.h">
      <Filter>Header Files</Filter>
    </ClInclude>
    <ClInclude Include="framework\sdk\game\iprediction.h">
      <Filter>Header Files</Filter>
    </ClInclude>
    <ClInclude Include="framework\sdk\game\irenderview.h">
      <Filter>Header Files</Filter>
    </ClInclude>
    <ClInclude Include="framework\sdk\game\ishader.h">
      <Filter>Header Files</Filter>
    </ClInclude>
    <ClInclude Include="framework\sdk\game\ishaderapi.h">
      <Filter>Header Files</Filter>
    </ClInclude>
    <ClInclude Include="framework\sdk\game\ishaderdevice.h">
      <Filter>Header Files</Filter>
    </ClInclude>
    <ClInclude Include="framework\sdk\game\ishaderdynamic.h">
      <Filter>Header Files</Filter>
    </ClInclude>
    <ClInclude Include="framework\sdk\game\ishadershadow.h">
      <Filter>Header Files</Filter>
    </ClInclude>
    <ClInclude Include="framework\sdk\game\istaticpropmgr.h">
      <Filter>Header Files</Filter>
    </ClInclude>
    <ClInclude Include="framework\sdk\game\istudiorender.h">
      <Filter>Header Files</Filter>
    </ClInclude>
    <ClInclude Include="framework\sdk\game\isurface.h">
      <Filter>Header Files</Filter>
    </ClInclude>
    <ClInclude Include="framework\sdk\game\itexture.h">
      <Filter>Header Files</Filter>
    </ClInclude>
    <ClInclude Include="framework\sdk\game\ivdebugoverlay.h">
      <Filter>Header Files</Filter>
    </ClInclude>
    <ClInclude Include="framework\sdk\game\iviewrender.h">
      <Filter>Header Files</Filter>
    </ClInclude>
    <ClInclude Include="framework\sdk\game\ivmodelinfo.h">
      <Filter>Header Files</Filter>
    </ClInclude>
    <ClInclude Include="framework\sdk\game\ivmodelrender.h">
      <Filter>Header Files</Filter>
    </ClInclude>
    <ClInclude Include="framework\sdk\game\KeyValues.h">
      <Filter>Header Files</Filter>
    </ClInclude>
    <ClInclude Include="framework\sdk\game\md5.h">
      <Filter>Header Files</Filter>
    </ClInclude>
    <ClInclude Include="framework\sdk\game\memalloc.h">
      <Filter>Header Files</Filter>
    </ClInclude>
    <ClInclude Include="framework\sdk\game\tf_gamerules.h">
      <Filter>Header Files</Filter>
    </ClInclude>
    <ClInclude Include="framework\sdk\game\tf_item_constants.h">
      <Filter>Header Files</Filter>
    </ClInclude>
    <ClInclude Include="framework\sdk\game\tf_item_schema.h">
      <Filter>Header Files</Filter>
    </ClInclude>
    <ClInclude Include="framework\sdk\game\tf_player_resource.h">
      <Filter>Header Files</Filter>
    </ClInclude>
    <ClInclude Include="framework\sdk\game\uniformrandomstream.h">
      <Filter>Header Files</Filter>
    </ClInclude>
    <ClInclude Include="framework\sdk\game\utlflags.h">
      <Filter>Header Files</Filter>
    </ClInclude>
    <ClInclude Include="framework\sdk\game\utlstring.h">
      <Filter>Header Files</Filter>
    </ClInclude>
    <ClInclude Include="framework\sdk\game\utlvector.h">
      <Filter>Header Files</Filter>
    </ClInclude>
    <ClInclude Include="framework\sdk\game\vector.h">
      <Filter>Header Files</Filter>
    </ClInclude>
    <ClInclude Include="framework\sdk\game\vmatrix.h">
      <Filter>Header Files</Filter>
    </ClInclude>
    <ClInclude Include="framework\sdk\game\vphysics_interface.h">
      <Filter>Header Files</Filter>
    </ClInclude>
    <ClInclude Include="framework\utils\netvars\netvars.h">
      <Filter>Header Files</Filter>
    </ClInclude>
    <ClInclude Include="framework\sdk\interfaces\interfaces.h">
      <Filter>Header Files</Filter>
    </ClInclude>
    <ClInclude Include="framework\sdk\interface_list.h">
      <Filter>Header Files</Filter>
    </ClInclude>
    <ClInclude Include="framework\utils\draw\draw.h">
      <Filter>Header Files</Filter>
    </ClInclude>
    <ClInclude Include="framework\utils\draw\color.h">
      <Filter>Header Files</Filter>
    </ClInclude>
    <ClInclude Include="framework\hooks\MinHook\include\MinHook.h">
      <Filter>Header Files</Filter>
    </ClInclude>
    <ClInclude Include="framework\hooks\MinHook\src\hde\hde32.h">
      <Filter>Header Files</Filter>
    </ClInclude>
    <ClInclude Include="framework\hooks\MinHook\src\hde\hde64.h">
      <Filter>Header Files</Filter>
    </ClInclude>
    <ClInclude Include="framework\hooks\MinHook\src\hde\pstdint.h">
      <Filter>Header Files</Filter>
    </ClInclude>
    <ClInclude Include="framework\hooks\MinHook\src\hde\table32.h">
      <Filter>Header Files</Filter>
    </ClInclude>
    <ClInclude Include="framework\hooks\MinHook\src\hde\table64.h">
      <Filter>Header Files</Filter>
    </ClInclude>
    <ClInclude Include="framework\hooks\MinHook\src\buffer.h">
      <Filter>Header Files</Filter>
    </ClInclude>
    <ClInclude Include="framework\hooks\MinHook\src\trampoline.h">
      <Filter>Header Files</Filter>
    </ClInclude>
    <ClInclude Include="framework\hooks\hooks.h">
      <Filter>Header Files</Filter>
    </ClInclude>
    <ClInclude Include="framework\hooks\hooklist.h">
      <Filter>Header Files</Filter>
    </ClInclude>
    <ClInclude Include="framework\utils\math\math.h">
      <Filter>Header Files</Filter>
    </ClInclude>
    <ClInclude Include="framework\utils\console\console.h">
      <Filter>Header Files</Filter>
    </ClInclude>
    <ClInclude Include="framework\utils\utils.h">
      <Filter>Header Files</Filter>
    </ClInclude>
    <ClInclude Include="framework\utils\winapi\winapi.h">
      <Filter>Header Files</Filter>
    </ClInclude>
    <ClInclude Include="framework\utils\entitycache\entitycache.h">
      <Filter>Header Files</Filter>
    </ClInclude>
    <ClInclude Include="framework\utils\entitycache\player_resource.h">
      <Filter>Header Files</Filter>
    </ClInclude>
    <ClInclude Include="framework\utils\entitycache\FNV1A.h">
      <Filter>Header Files</Filter>
    </ClInclude>
    <ClInclude Include="framework\sdk\globals\globalinfo.h">
      <Filter>Header Files</Filter>
    </ClInclude>
    <ClInclude Include="framework\features\engine\prediction.h">
      <Filter>Header Files</Filter>
    </ClInclude>
    <ClInclude Include="framework\features\menu\Input.h">
      <Filter>Header Files</Filter>
    </ClInclude>
    <ClInclude Include="framework\features\menu\Menu.h">
      <Filter>Header Files</Filter>
    </ClInclude>
    <ClInclude Include="framework\features\menu\vars.h">
      <Filter>Header Files</Filter>
    </ClInclude>
    <ClInclude Include="framework\features\menu\WindowMenu.h">
      <Filter>Header Files</Filter>
    </ClInclude>
    <ClInclude Include="framework\typedefs.h">
      <Filter>Header Files</Filter>
    </ClInclude>
    <ClInclude Include="framework\features\aimbot\aimbot.h">
      <Filter>Header Files</Filter>
    </ClInclude>
    <ClInclude Include="framework\features\esp\esp.h">
      <Filter>Header Files</Filter>
    </ClInclude>
    <ClInclude Include="framework\features\misc\misc.h">
      <Filter>Header Files</Filter>
    </ClInclude>
    <ClInclude Include="framework\sdk\game\c_captureflag.h">
      <Filter>Header Files</Filter>
    </ClInclude>
    <ClInclude Include="framework\sdk\game\beams.h">
      <Filter>Header Files</Filter>
    </ClInclude>
    <ClInclude Include="framework\sdk\game\panel.h">
      <Filter>Header Files</Filter>
    </ClInclude>
    <ClInclude Include="framework\utils\convars\convars.h">
      <Filter>Header Files</Filter>
    </ClInclude>
    <ClInclude Include="framework\features\menu\config\config.h">
      <Filter>Header Files</Filter>
    </ClInclude>
    <ClInclude Include="framework\utils\json\json.hpp">
      <Filter>Header Files</Filter>
    </ClInclude>
    <ClInclude Include="framework\features\models\models.h">
      <Filter>Header Files</Filter>
    </ClInclude>
    <ClInclude Include="framework\features\outlines\outlines.h">
      <Filter>Header Files</Filter>
    </ClInclude>
    <ClInclude Include="framework\features\indicators\indicators.h">
      <Filter>Header Files</Filter>
    </ClInclude>
    <ClInclude Include="framework\features\crits\crits.h">
      <Filter>Header Files</Filter>
    </ClInclude>
    <ClInclude Include="framework\sdk\game\dt_recv_redef.h">
      <Filter>Header Files</Filter>
    </ClInclude>
    <ClInclude Include="framework\sdk\game\proxyfnhook.h">
      <Filter>Header Files</Filter>
    </ClInclude>
    <ClInclude Include="framework\features\events\events.h">
      <Filter>Header Files</Filter>
    </ClInclude>
    <ClInclude Include="framework\features\aimbot\movesim.h">
      <Filter>Header Files</Filter>
    </ClInclude>
    <ClInclude Include="framework\features\aimbot\proj_sim.h">
      <Filter>Header Files</Filter>
    </ClInclude>
    <ClInclude Include="framework\features\antiaim\antiaim.h">
      <Filter>Header Files</Filter>
    </ClInclude>
    <ClInclude Include="framework\features\backtrack\backtrack.h">
      <Filter>Header Files</Filter>
    </ClInclude>
  </ItemGroup>
  <ItemGroup>
    <ClCompile Include="dllmain.cpp">
      <Filter>Source Files</Filter>
    </ClCompile>
    <ClCompile Include="framework\utils\memory\memory.cpp">
      <Filter>Source Files</Filter>
    </ClCompile>
    <ClCompile Include="framework\utils\signatures\signatures.cpp">
      <Filter>Source Files</Filter>
    </ClCompile>
    <ClCompile Include="framework\framework.cpp">
      <Filter>Source Files</Filter>
    </ClCompile>
    <ClCompile Include="framework\sdk\game\bitbuf.cpp">
      <Filter>Source Files</Filter>
    </ClCompile>
    <ClCompile Include="framework\sdk\game\c_baseanimating.cpp">
      <Filter>Source Files</Filter>
    </ClCompile>
    <ClCompile Include="framework\sdk\game\c_basecombatcharacter.cpp">
      <Filter>Source Files</Filter>
    </ClCompile>
    <ClCompile Include="framework\sdk\game\c_basecombatweapon.cpp">
      <Filter>Source Files</Filter>
    </ClCompile>
    <ClCompile Include="framework\sdk\game\c_baseentity.cpp">
      <Filter>Source Files</Filter>
    </ClCompile>
    <ClCompile Include="framework\sdk\game\c_baseplayer.cpp">
      <Filter>Source Files</Filter>
    </ClCompile>
    <ClCompile Include="framework\sdk\game\c_tfplayer.cpp">
      <Filter>Source Files</Filter>
    </ClCompile>
    <ClCompile Include="framework\sdk\game\c_tfweaponbase.cpp">
      <Filter>Source Files</Filter>
    </ClCompile>
    <ClCompile Include="framework\sdk\game\cbasehandle.cpp">
      <Filter>Source Files</Filter>
    </ClCompile>
    <ClCompile Include="framework\sdk\game\checksum_crc.cpp">
      <Filter>Source Files</Filter>
    </ClCompile>
    <ClCompile Include="framework\sdk\game\game_coordinator_stuff.cpp">
      <Filter>Source Files</Filter>
    </ClCompile>
    <ClCompile Include="framework\sdk\game\gameeventmanager.cpp">
      <Filter>Source Files</Filter>
    </ClCompile>
    <ClCompile Include="framework\sdk\game\ibaseclientdll.cpp">
      <Filter>Source Files</Filter>
    </ClCompile>
    <ClCompile Include="framework\sdk\game\iengineclient.cpp">
      <Filter>Source Files</Filter>
    </ClCompile>
    <ClCompile Include="framework\sdk\game\ienginetrace.cpp">
      <Filter>Source Files</Filter>
    </ClCompile>
    <ClCompile Include="framework\sdk\game\imovehelper.cpp">
      <Filter>Source Files</Filter>
    </ClCompile>
    <ClCompile Include="framework\sdk\game\isurface.cpp">
      <Filter>Source Files</Filter>
    </ClCompile>
    <ClCompile Include="framework\sdk\game\ivdebugoverlay.cpp">
      <Filter>Source Files</Filter>
    </ClCompile>
    <ClCompile Include="framework\sdk\game\KeyValues.cpp">
      <Filter>Source Files</Filter>
    </ClCompile>
    <ClCompile Include="framework\sdk\game\md5.cpp">
      <Filter>Source Files</Filter>
    </ClCompile>
    <ClCompile Include="framework\sdk\game\utlvector.cpp">
      <Filter>Source Files</Filter>
    </ClCompile>
    <ClCompile Include="framework\sdk\game\vector.cpp">
      <Filter>Source Files</Filter>
    </ClCompile>
    <ClCompile Include="framework\utils\netvars\netvars.cpp">
      <Filter>Source Files</Filter>
    </ClCompile>
    <ClCompile Include="framework\sdk\interfaces\interfaces.cpp">
      <Filter>Source Files</Filter>
    </ClCompile>
    <ClCompile Include="framework\utils\draw\draw.cpp">
      <Filter>Source Files</Filter>
    </ClCompile>
    <ClCompile Include="framework\hooks\MinHook\src\hde\hde32.c">
      <Filter>Source Files</Filter>
    </ClCompile>
    <ClCompile Include="framework\hooks\MinHook\src\hde\hde64.c">
      <Filter>Source Files</Filter>
    </ClCompile>
    <ClCompile Include="framework\hooks\MinHook\src\buffer.c">
      <Filter>Source Files</Filter>
    </ClCompile>
    <ClCompile Include="framework\hooks\MinHook\src\hook.c">
      <Filter>Source Files</Filter>
    </ClCompile>
    <ClCompile Include="framework\hooks\MinHook\src\trampoline.c">
      <Filter>Source Files</Filter>
    </ClCompile>
    <ClCompile Include="framework\hooks\hooks.cpp">
      <Filter>Source Files</Filter>
    </ClCompile>
    <ClCompile Include="framework\hooks\hooklist.cpp">
      <Filter>Source Files</Filter>
    </ClCompile>
    <ClCompile Include="framework\utils\math\math.cpp">
      <Filter>Source Files</Filter>
    </ClCompile>
    <ClCompile Include="framework\utils\console\console.cpp">
      <Filter>Source Files</Filter>
    </ClCompile>
    <ClCompile Include="framework\utils\entitycache\entitycache.cpp">
      <Filter>Source Files</Filter>
    </ClCompile>
    <ClCompile Include="framework\features\engine\prediction.cpp">
      <Filter>Source Files</Filter>
    </ClCompile>
    <ClCompile Include="framework\features\menu\Input.cpp">
      <Filter>Source Files</Filter>
    </ClCompile>
    <ClCompile Include="framework\features\menu\Menu.cpp">
      <Filter>Source Files</Filter>
    </ClCompile>
    <ClCompile Include="framework\features\menu\WindowMenu.cpp">
      <Filter>Source Files</Filter>
    </ClCompile>
    <ClCompile Include="framework\features\aimbot\aimbot.cpp">
      <Filter>Source Files</Filter>
    </ClCompile>
    <ClCompile Include="framework\features\esp\esp.cpp">
      <Filter>Source Files</Filter>
    </ClCompile>
    <ClCompile Include="framework\features\misc\misc.cpp">
      <Filter>Source Files</Filter>
    </ClCompile>
    <ClCompile Include="framework\sdk\game\beams.cpp">
      <Filter>Source Files</Filter>
    </ClCompile>
    <ClCompile Include="framework\utils\convars\convars.cpp">
      <Filter>Source Files</Filter>
    </ClCompile>
    <ClCompile Include="framework\features\menu\config\config.cpp">
      <Filter>Source Files</Filter>
    </ClCompile>
    <ClCompile Include="framework\features\menu\vars.cpp">
      <Filter>Source Files</Filter>
    </ClCompile>
    <ClCompile Include="framework\features\models\models.cpp">
      <Filter>Source Files</Filter>
    </ClCompile>
    <ClCompile Include="framework\features\outlines\outlines.cpp">
      <Filter>Source Files</Filter>
    </ClCompile>
    <ClCompile Include="framework\features\indicators\indicators.cpp">
      <Filter>Source Files</Filter>
    </ClCompile>
    <ClCompile Include="framework\features\crits\crits.cpp">
      <Filter>Source Files</Filter>
    </ClCompile>
    <ClCompile Include="framework\features\events\events.cpp">
      <Filter>Source Files</Filter>
    </ClCompile>
    <ClCompile Include="framework\features\aimbot\movesim.cpp">
      <Filter>Source Files</Filter>
    </ClCompile>
    <ClCompile Include="framework\features\aimbot\proj_sim.cpp">
      <Filter>Source Files</Filter>
    </ClCompile>
    <ClCompile Include="framework\features\antiaim\antiaim.cpp">
      <Filter>Source Files</Filter>
    </ClCompile>
    <ClCompile Include="framework\features\backtrack\backtrack.cpp">
      <Filter>Source Files</Filter>
    </ClCompile>
  </ItemGroup>
</Project>